
Microsoft Visual Studio Solution File, Format Version 12.00
# Visual Studio Version 17
VisualStudioVersion = 17.10.35027.167
MinimumVisualStudioVersion = 10.0.40219.1
Project("{FAE04EC0-301F-11D3-BF4B-00C04F79EFBC}") = "HelloCSharp008", "HelloCSharp008\HelloCSharp008.csproj", "{04462ABF-DA8F-4911-B988-1D5CFA3E6F3C}"
EndProject
Project("{FAE04EC0-301F-11D3-BF4B-00C04F79EFBC}") = "HelloCSharp008_01", "HelloCSharp008_01\HelloCSharp008_01.csproj", "{827123D8-3355-4F91-A0A7-5E383D3FB932}"
EndProject
Project("{FAE04EC0-301F-11D3-BF4B-00C04F79EFBC}") = "HelloCSharp008_02", "HelloCSharp008_02\HelloCSharp008_02.csproj", "{ADD3EDA0-498C-4F10-A8AD-18031BB9FC5A}"
EndProject
Project("{FAE04EC0-301F-11D3-BF4B-00C04F79EFBC}") = "HelloCSharp008_03", "HelloCSharp008_03\HelloCSharp008_03.csproj", "{8751BEE8-C4B8-45C7-96F1-4066B8ECC28B}"
EndProject
Project("{FAE04EC0-301F-11D3-BF4B-00C04F79EFBC}") = "HelloCSharp008_04", "HelloCSharp008_04\HelloCSharp008_04.csproj", "{BE49FDAF-065C-4A8B-8A8C-B5D7F3AE539A}"
EndProject
Global
	GlobalSection(SolutionConfigurationPlatforms) = preSolution
		Debug|Any CPU = Debug|Any CPU
		Release|Any CPU = Release|Any CPU
	EndGlobalSection
	GlobalSection(ProjectConfigurationPlatforms) = postSolution
		{04462ABF-DA8F-4911-B988-1D5CFA3E6F3C}.Debug|Any CPU.ActiveCfg = Debug|Any CPU
		{04462ABF-DA8F-4911-B988-1D5CFA3E6F3C}.Debug|Any CPU.Build.0 = Debug|Any CPU
		{04462ABF-DA8F-4911-B988-1D5CFA3E6F3C}.Release|Any CPU.ActiveCfg = Release|Any CPU
		{04462ABF-DA8F-4911-B988-1D5CFA3E6F3C}.Release|Any CPU.Build.0 = Release|Any CPU
		{827123D8-3355-4F91-A0A7-5E383D3FB932}.Debug|Any CPU.ActiveCfg = Debug|Any CPU
		{827123D8-3355-4F91-A0A7-5E383D3FB932}.Debug|Any CPU.Build.0 = Debug|Any CPU
		{827123D8-3355-4F91-A0A7-5E383D3FB932}.Release|Any CPU.ActiveCfg = Release|Any CPU
		{827123D8-3355-4F91-A0A7-5E383D3FB932}.Release|Any CPU.Build.0 = Release|Any CPU
		{ADD3EDA0-498C-4F10-A8AD-18031BB9FC5A}.Debug|Any CPU.ActiveCfg = Debug|Any CPU
		{ADD3EDA0-498C-4F10-A8AD-18031BB9FC5A}.Debug|Any CPU.Build.0 = Debug|Any CPU
		{ADD3EDA0-498C-4F10-A8AD-18031BB9FC5A}.Release|Any CPU.ActiveCfg = Release|Any CPU
		{ADD3EDA0-498C-4F10-A8AD-18031BB9FC5A}.Release|Any CPU.Build.0 = Release|Any CPU
		{8751BEE8-C4B8-45C7-96F1-4066B8ECC28B}.Debug|Any CPU.ActiveCfg = Debug|Any CPU
		{8751BEE8-C4B8-45C7-96F1-4066B8ECC28B}.Debug|Any CPU.Build.0 = Debug|Any CPU
		{8751BEE8-C4B8-45C7-96F1-4066B8ECC28B}.Release|Any CPU.ActiveCfg = Release|Any CPU
		{8751BEE8-C4B8-45C7-96F1-4066B8ECC28B}.Release|Any CPU.Build.0 = Release|Any CPU
		{BE49FDAF-065C-4A8B-8A8C-B5D7F3AE539A}.Debug|Any CPU.ActiveCfg = Debug|Any CPU
		{BE49FDAF-065C-4A8B-8A8C-B5D7F3AE539A}.Debug|Any CPU.Build.0 = Debug|Any CPU
		{BE49FDAF-065C-4A8B-8A8C-B5D7F3AE539A}.Release|Any CPU.ActiveCfg = Release|Any CPU
		{BE49FDAF-065C-4A8B-8A8C-B5D7F3AE539A}.Release|Any CPU.Build.0 = Release|Any CPU
	EndGlobalSection
	GlobalSection(SolutionProperties) = preSolution
		HideSolutionNode = FALSE
	EndGlobalSection
	GlobalSection(ExtensibilityGlobals) = postSolution
		SolutionGuid = {B480AFB0-17E4-4DC2-9FAC-948B8F8B9FA6}
	EndGlobalSection
EndGlobal
