
Microsoft Visual Studio Solution File, Format Version 12.00
# Visual Studio Version 17
VisualStudioVersion = 17.9.34723.18
MinimumVisualStudioVersion = 10.0.40219.1
Project("{FAE04EC0-301F-11D3-BF4B-00C04F79EFBC}") = "0725_01", "0725_01\0725_01.csproj", "{753A7B48-787E-4766-9E8D-476903C36951}"
EndProject
Project("{FAE04EC0-301F-11D3-BF4B-00C04F79EFBC}") = "0725_02", "0725_02\0725_02.csproj", "{A813C574-BB83-46AD-A363-4C2E4F2BA5DE}"
EndProject
Project("{FAE04EC0-301F-11D3-BF4B-00C04F79EFBC}") = "0725_03", "0725_0\0725_03.csproj", "{CD65C3AD-007C-4D63-8048-DABAB76C1DC0}"
EndProject
Project("{FAE04EC0-301F-11D3-BF4B-00C04F79EFBC}") = "0725_04", "0725_04\0725_04.csproj", "{741C25C2-F828-4D19-8544-390E2E2092B7}"
EndProject
Project("{FAE04EC0-301F-11D3-BF4B-00C04F79EFBC}") = "0725_05", "0725_05\0725_05.csproj", "{C79017C4-C16E-44C8-A288-B868275198E3}"
EndProject
Project("{FAE04EC0-301F-11D3-BF4B-00C04F79EFBC}") = "0725_06", "0725_06\0725_06.csproj", "{268FD7DE-B901-4314-A6E4-6EC603CE71B3}"
EndProject
Project("{FAE04EC0-301F-11D3-BF4B-00C04F79EFBC}") = "0725_07", "0725_07\0725_07.csproj", "{C5BCE6E1-2DBF-4E93-B4AF-10A8C5C1EC50}"
EndProject
Project("{FAE04EC0-301F-11D3-BF4B-00C04F79EFBC}") = "0725_08", "0725_08\0725_08.csproj", "{6C630559-84EA-433C-A9A1-8A8682BDB415}"
EndProject
Project("{FAE04EC0-301F-11D3-BF4B-00C04F79EFBC}") = "0725_09", "0725_09\0725_09.csproj", "{AB9F862B-5429-445A-99EF-E6975AA2424F}"
EndProject
Global
	GlobalSection(SolutionConfigurationPlatforms) = preSolution
		Debug|Any CPU = Debug|Any CPU
		Release|Any CPU = Release|Any CPU
	EndGlobalSection
	GlobalSection(ProjectConfigurationPlatforms) = postSolution
		{753A7B48-787E-4766-9E8D-476903C36951}.Debug|Any CPU.ActiveCfg = Debug|Any CPU
		{753A7B48-787E-4766-9E8D-476903C36951}.Debug|Any CPU.Build.0 = Debug|Any CPU
		{753A7B48-787E-4766-9E8D-476903C36951}.Release|Any CPU.ActiveCfg = Release|Any CPU
		{753A7B48-787E-4766-9E8D-476903C36951}.Release|Any CPU.Build.0 = Release|Any CPU
		{A813C574-BB83-46AD-A363-4C2E4F2BA5DE}.Debug|Any CPU.ActiveCfg = Debug|Any CPU
		{A813C574-BB83-46AD-A363-4C2E4F2BA5DE}.Debug|Any CPU.Build.0 = Debug|Any CPU
		{A813C574-BB83-46AD-A363-4C2E4F2BA5DE}.Release|Any CPU.ActiveCfg = Release|Any CPU
		{A813C574-BB83-46AD-A363-4C2E4F2BA5DE}.Release|Any CPU.Build.0 = Release|Any CPU
		{CD65C3AD-007C-4D63-8048-DABAB76C1DC0}.Debug|Any CPU.ActiveCfg = Debug|Any CPU
		{CD65C3AD-007C-4D63-8048-DABAB76C1DC0}.Debug|Any CPU.Build.0 = Debug|Any CPU
		{CD65C3AD-007C-4D63-8048-DABAB76C1DC0}.Release|Any CPU.ActiveCfg = Release|Any CPU
		{CD65C3AD-007C-4D63-8048-DABAB76C1DC0}.Release|Any CPU.Build.0 = Release|Any CPU
		{741C25C2-F828-4D19-8544-390E2E2092B7}.Debug|Any CPU.ActiveCfg = Debug|Any CPU
		{741C25C2-F828-4D19-8544-390E2E2092B7}.Debug|Any CPU.Build.0 = Debug|Any CPU
		{741C25C2-F828-4D19-8544-390E2E2092B7}.Release|Any CPU.ActiveCfg = Release|Any CPU
		{741C25C2-F828-4D19-8544-390E2E2092B7}.Release|Any CPU.Build.0 = Release|Any CPU
		{C79017C4-C16E-44C8-A288-B868275198E3}.Debug|Any CPU.ActiveCfg = Debug|Any CPU
		{C79017C4-C16E-44C8-A288-B868275198E3}.Debug|Any CPU.Build.0 = Debug|Any CPU
		{C79017C4-C16E-44C8-A288-B868275198E3}.Release|Any CPU.ActiveCfg = Release|Any CPU
		{C79017C4-C16E-44C8-A288-B868275198E3}.Release|Any CPU.Build.0 = Release|Any CPU
		{268FD7DE-B901-4314-A6E4-6EC603CE71B3}.Debug|Any CPU.ActiveCfg = Debug|Any CPU
		{268FD7DE-B901-4314-A6E4-6EC603CE71B3}.Debug|Any CPU.Build.0 = Debug|Any CPU
		{268FD7DE-B901-4314-A6E4-6EC603CE71B3}.Release|Any CPU.ActiveCfg = Release|Any CPU
		{268FD7DE-B901-4314-A6E4-6EC603CE71B3}.Release|Any CPU.Build.0 = Release|Any CPU
		{C5BCE6E1-2DBF-4E93-B4AF-10A8C5C1EC50}.Debug|Any CPU.ActiveCfg = Debug|Any CPU
		{C5BCE6E1-2DBF-4E93-B4AF-10A8C5C1EC50}.Debug|Any CPU.Build.0 = Debug|Any CPU
		{C5BCE6E1-2DBF-4E93-B4AF-10A8C5C1EC50}.Release|Any CPU.ActiveCfg = Release|Any CPU
		{C5BCE6E1-2DBF-4E93-B4AF-10A8C5C1EC50}.Release|Any CPU.Build.0 = Release|Any CPU
		{6C630559-84EA-433C-A9A1-8A8682BDB415}.Debug|Any CPU.ActiveCfg = Debug|Any CPU
		{6C630559-84EA-433C-A9A1-8A8682BDB415}.Debug|Any CPU.Build.0 = Debug|Any CPU
		{6C630559-84EA-433C-A9A1-8A8682BDB415}.Release|Any CPU.ActiveCfg = Release|Any CPU
		{6C630559-84EA-433C-A9A1-8A8682BDB415}.Release|Any CPU.Build.0 = Release|Any CPU
		{AB9F862B-5429-445A-99EF-E6975AA2424F}.Debug|Any CPU.ActiveCfg = Debug|Any CPU
		{AB9F862B-5429-445A-99EF-E6975AA2424F}.Debug|Any CPU.Build.0 = Debug|Any CPU
		{AB9F862B-5429-445A-99EF-E6975AA2424F}.Release|Any CPU.ActiveCfg = Release|Any CPU
		{AB9F862B-5429-445A-99EF-E6975AA2424F}.Release|Any CPU.Build.0 = Release|Any CPU
	EndGlobalSection
	GlobalSection(SolutionProperties) = preSolution
		HideSolutionNode = FALSE
	EndGlobalSection
	GlobalSection(ExtensibilityGlobals) = postSolution
		SolutionGuid = {05E1B39C-0664-4386-A54D-2A8ED264F6BC}
	EndGlobalSection
EndGlobal
