
Microsoft Visual Studio Solution File, Format Version 12.00
# Visual Studio Version 17
VisualStudioVersion = 17.9.34723.18
MinimumVisualStudioVersion = 10.0.40219.1
Project("{FAE04EC0-301F-11D3-BF4B-00C04F79EFBC}") = "0722_01", "0722_01\0722_01.csproj", "{C01704C9-7541-49FC-A42A-5C24365D68FA}"
EndProject
Project("{FAE04EC0-301F-11D3-BF4B-00C04F79EFBC}") = "0722_02", "0722_02\0722_02.csproj", "{3DAEFA1C-A36D-4EA8-A35C-D649CB25CB0B}"
EndProject
Project("{FAE04EC0-301F-11D3-BF4B-00C04F79EFBC}") = "0722_03", "0722_03\0722_03.csproj", "{8BF5D77C-CD41-4263-9C6B-C9E4527061D5}"
EndProject
Project("{FAE04EC0-301F-11D3-BF4B-00C04F79EFBC}") = "0722_04", "0722_04\0722_04.csproj", "{A425B919-5E52-4AC7-81BF-E931AE8C50A8}"
EndProject
Project("{FAE04EC0-301F-11D3-BF4B-00C04F79EFBC}") = "ConsoleApp1", "ConsoleApp1\ConsoleApp1.csproj", "{0FA9521F-2F91-4FE2-A27F-06D3972104D7}"
EndProject
Global
	GlobalSection(SolutionConfigurationPlatforms) = preSolution
		Debug|Any CPU = Debug|Any CPU
		Release|Any CPU = Release|Any CPU
	EndGlobalSection
	GlobalSection(ProjectConfigurationPlatforms) = postSolution
		{C01704C9-7541-49FC-A42A-5C24365D68FA}.Debug|Any CPU.ActiveCfg = Debug|Any CPU
		{C01704C9-7541-49FC-A42A-5C24365D68FA}.Debug|Any CPU.Build.0 = Debug|Any CPU
		{C01704C9-7541-49FC-A42A-5C24365D68FA}.Release|Any CPU.ActiveCfg = Release|Any CPU
		{C01704C9-7541-49FC-A42A-5C24365D68FA}.Release|Any CPU.Build.0 = Release|Any CPU
		{3DAEFA1C-A36D-4EA8-A35C-D649CB25CB0B}.Debug|Any CPU.ActiveCfg = Debug|Any CPU
		{3DAEFA1C-A36D-4EA8-A35C-D649CB25CB0B}.Debug|Any CPU.Build.0 = Debug|Any CPU
		{3DAEFA1C-A36D-4EA8-A35C-D649CB25CB0B}.Release|Any CPU.ActiveCfg = Release|Any CPU
		{3DAEFA1C-A36D-4EA8-A35C-D649CB25CB0B}.Release|Any CPU.Build.0 = Release|Any CPU
		{8BF5D77C-CD41-4263-9C6B-C9E4527061D5}.Debug|Any CPU.ActiveCfg = Debug|Any CPU
		{8BF5D77C-CD41-4263-9C6B-C9E4527061D5}.Debug|Any CPU.Build.0 = Debug|Any CPU
		{8BF5D77C-CD41-4263-9C6B-C9E4527061D5}.Release|Any CPU.ActiveCfg = Release|Any CPU
		{8BF5D77C-CD41-4263-9C6B-C9E4527061D5}.Release|Any CPU.Build.0 = Release|Any CPU
		{A425B919-5E52-4AC7-81BF-E931AE8C50A8}.Debug|Any CPU.ActiveCfg = Debug|Any CPU
		{A425B919-5E52-4AC7-81BF-E931AE8C50A8}.Debug|Any CPU.Build.0 = Debug|Any CPU
		{A425B919-5E52-4AC7-81BF-E931AE8C50A8}.Release|Any CPU.ActiveCfg = Release|Any CPU
		{A425B919-5E52-4AC7-81BF-E931AE8C50A8}.Release|Any CPU.Build.0 = Release|Any CPU
		{0FA9521F-2F91-4FE2-A27F-06D3972104D7}.Debug|Any CPU.ActiveCfg = Debug|Any CPU
		{0FA9521F-2F91-4FE2-A27F-06D3972104D7}.Debug|Any CPU.Build.0 = Debug|Any CPU
		{0FA9521F-2F91-4FE2-A27F-06D3972104D7}.Release|Any CPU.ActiveCfg = Release|Any CPU
		{0FA9521F-2F91-4FE2-A27F-06D3972104D7}.Release|Any CPU.Build.0 = Release|Any CPU
	EndGlobalSection
	GlobalSection(SolutionProperties) = preSolution
		HideSolutionNode = FALSE
	EndGlobalSection
	GlobalSection(ExtensibilityGlobals) = postSolution
		SolutionGuid = {FEDA74D3-10D3-4CA0-A91D-76B21218A1BA}
	EndGlobalSection
EndGlobal
