
Microsoft Visual Studio Solution File, Format Version 12.00
# Visual Studio Version 17
VisualStudioVersion = 17.9.34723.18
MinimumVisualStudioVersion = 10.0.40219.1
Project("{FAE04EC0-301F-11D3-BF4B-00C04F79EFBC}") = "0717_03", "0717_03\0717_03.csproj", "{521B76BD-653E-447C-B07E-A9A40099B6B9}"
EndProject
Project("{FAE04EC0-301F-11D3-BF4B-00C04F79EFBC}") = "0717_03_01", "0717_03_01\0717_03_01.csproj", "{89D7B2D3-358A-4A23-ABD8-2A9D206166C6}"
EndProject
Project("{FAE04EC0-301F-11D3-BF4B-00C04F79EFBC}") = "0717_03_goto", "0717_03_goto\0717_03_goto.csproj", "{7C23A99D-93FF-4BCE-AAF8-EDF9F1D6220B}"
EndProject
Global
	GlobalSection(SolutionConfigurationPlatforms) = preSolution
		Debug|Any CPU = Debug|Any CPU
		Release|Any CPU = Release|Any CPU
	EndGlobalSection
	GlobalSection(ProjectConfigurationPlatforms) = postSolution
		{521B76BD-653E-447C-B07E-A9A40099B6B9}.Debug|Any CPU.ActiveCfg = Debug|Any CPU
		{521B76BD-653E-447C-B07E-A9A40099B6B9}.Debug|Any CPU.Build.0 = Debug|Any CPU
		{521B76BD-653E-447C-B07E-A9A40099B6B9}.Release|Any CPU.ActiveCfg = Release|Any CPU
		{521B76BD-653E-447C-B07E-A9A40099B6B9}.Release|Any CPU.Build.0 = Release|Any CPU
		{89D7B2D3-358A-4A23-ABD8-2A9D206166C6}.Debug|Any CPU.ActiveCfg = Debug|Any CPU
		{89D7B2D3-358A-4A23-ABD8-2A9D206166C6}.Debug|Any CPU.Build.0 = Debug|Any CPU
		{89D7B2D3-358A-4A23-ABD8-2A9D206166C6}.Release|Any CPU.ActiveCfg = Release|Any CPU
		{89D7B2D3-358A-4A23-ABD8-2A9D206166C6}.Release|Any CPU.Build.0 = Release|Any CPU
		{7C23A99D-93FF-4BCE-AAF8-EDF9F1D6220B}.Debug|Any CPU.ActiveCfg = Debug|Any CPU
		{7C23A99D-93FF-4BCE-AAF8-EDF9F1D6220B}.Debug|Any CPU.Build.0 = Debug|Any CPU
		{7C23A99D-93FF-4BCE-AAF8-EDF9F1D6220B}.Release|Any CPU.ActiveCfg = Release|Any CPU
		{7C23A99D-93FF-4BCE-AAF8-EDF9F1D6220B}.Release|Any CPU.Build.0 = Release|Any CPU
	EndGlobalSection
	GlobalSection(SolutionProperties) = preSolution
		HideSolutionNode = FALSE
	EndGlobalSection
	GlobalSection(ExtensibilityGlobals) = postSolution
		SolutionGuid = {0A641F51-335D-47EA-98C5-FC5302AE324E}
	EndGlobalSection
EndGlobal
