
Microsoft Visual Studio Solution File, Format Version 12.00
# Visual Studio Version 17
VisualStudioVersion = 17.10.35027.167
MinimumVisualStudioVersion = 10.0.40219.1
Project("{FAE04EC0-301F-11D3-BF4B-00C04F79EFBC}") = "HelloCSharp007", "HelloCSharp007\HelloCSharp007.csproj", "{61FCA2AD-2B03-4314-B88C-D0CF05F8D9DE}"
EndProject
Project("{FAE04EC0-301F-11D3-BF4B-00C04F79EFBC}") = "HelloCSharp007_01", "HelloCSharp007_01\HelloCSharp007_01.csproj", "{F814E00B-90DC-4B50-9BD1-4C4626132748}"
EndProject
Project("{FAE04EC0-301F-11D3-BF4B-00C04F79EFBC}") = "HelloCSharp007_02", "HelloCSharp007_02\HelloCSharp007_02.csproj", "{1C0445EA-941D-4FA3-9702-D5A07BF1C628}"
EndProject
Project("{FAE04EC0-301F-11D3-BF4B-00C04F79EFBC}") = "HelloCSharp007_03", "HelloCSharp007_03\HelloCSharp007_03.csproj", "{E80C8758-F767-4709-831F-6A9307C6EEE4}"
EndProject
Project("{8BC9CEB8-8B4A-11D0-8D11-00A0C91BC942}") = "TestSwap", "TestSwap\TestSwap.vcxproj", "{375B6C24-8FB2-4D67-B08B-B11557526839}"
EndProject
Project("{FAE04EC0-301F-11D3-BF4B-00C04F79EFBC}") = "HelloCSharp007_04", "HelloCSharp007_04\HelloCSharp007_04.csproj", "{BD77A40A-C242-43F3-AFA0-DDA944C8C7C2}"
EndProject
Global
	GlobalSection(SolutionConfigurationPlatforms) = preSolution
		Debug|Any CPU = Debug|Any CPU
		Debug|x64 = Debug|x64
		Debug|x86 = Debug|x86
		Release|Any CPU = Release|Any CPU
		Release|x64 = Release|x64
		Release|x86 = Release|x86
	EndGlobalSection
	GlobalSection(ProjectConfigurationPlatforms) = postSolution
		{61FCA2AD-2B03-4314-B88C-D0CF05F8D9DE}.Debug|Any CPU.ActiveCfg = Debug|Any CPU
		{61FCA2AD-2B03-4314-B88C-D0CF05F8D9DE}.Debug|Any CPU.Build.0 = Debug|Any CPU
		{61FCA2AD-2B03-4314-B88C-D0CF05F8D9DE}.Debug|x64.ActiveCfg = Debug|Any CPU
		{61FCA2AD-2B03-4314-B88C-D0CF05F8D9DE}.Debug|x64.Build.0 = Debug|Any CPU
		{61FCA2AD-2B03-4314-B88C-D0CF05F8D9DE}.Debug|x86.ActiveCfg = Debug|Any CPU
		{61FCA2AD-2B03-4314-B88C-D0CF05F8D9DE}.Debug|x86.Build.0 = Debug|Any CPU
		{61FCA2AD-2B03-4314-B88C-D0CF05F8D9DE}.Release|Any CPU.ActiveCfg = Release|Any CPU
		{61FCA2AD-2B03-4314-B88C-D0CF05F8D9DE}.Release|Any CPU.Build.0 = Release|Any CPU
		{61FCA2AD-2B03-4314-B88C-D0CF05F8D9DE}.Release|x64.ActiveCfg = Release|Any CPU
		{61FCA2AD-2B03-4314-B88C-D0CF05F8D9DE}.Release|x64.Build.0 = Release|Any CPU
		{61FCA2AD-2B03-4314-B88C-D0CF05F8D9DE}.Release|x86.ActiveCfg = Release|Any CPU
		{61FCA2AD-2B03-4314-B88C-D0CF05F8D9DE}.Release|x86.Build.0 = Release|Any CPU
		{F814E00B-90DC-4B50-9BD1-4C4626132748}.Debug|Any CPU.ActiveCfg = Debug|Any CPU
		{F814E00B-90DC-4B50-9BD1-4C4626132748}.Debug|Any CPU.Build.0 = Debug|Any CPU
		{F814E00B-90DC-4B50-9BD1-4C4626132748}.Debug|x64.ActiveCfg = Debug|Any CPU
		{F814E00B-90DC-4B50-9BD1-4C4626132748}.Debug|x64.Build.0 = Debug|Any CPU
		{F814E00B-90DC-4B50-9BD1-4C4626132748}.Debug|x86.ActiveCfg = Debug|Any CPU
		{F814E00B-90DC-4B50-9BD1-4C4626132748}.Debug|x86.Build.0 = Debug|Any CPU
		{F814E00B-90DC-4B50-9BD1-4C4626132748}.Release|Any CPU.ActiveCfg = Release|Any CPU
		{F814E00B-90DC-4B50-9BD1-4C4626132748}.Release|Any CPU.Build.0 = Release|Any CPU
		{F814E00B-90DC-4B50-9BD1-4C4626132748}.Release|x64.ActiveCfg = Release|Any CPU
		{F814E00B-90DC-4B50-9BD1-4C4626132748}.Release|x64.Build.0 = Release|Any CPU
		{F814E00B-90DC-4B50-9BD1-4C4626132748}.Release|x86.ActiveCfg = Release|Any CPU
		{F814E00B-90DC-4B50-9BD1-4C4626132748}.Release|x86.Build.0 = Release|Any CPU
		{1C0445EA-941D-4FA3-9702-D5A07BF1C628}.Debug|Any CPU.ActiveCfg = Debug|Any CPU
		{1C0445EA-941D-4FA3-9702-D5A07BF1C628}.Debug|Any CPU.Build.0 = Debug|Any CPU
		{1C0445EA-941D-4FA3-9702-D5A07BF1C628}.Debug|x64.ActiveCfg = Debug|Any CPU
		{1C0445EA-941D-4FA3-9702-D5A07BF1C628}.Debug|x64.Build.0 = Debug|Any CPU
		{1C0445EA-941D-4FA3-9702-D5A07BF1C628}.Debug|x86.ActiveCfg = Debug|Any CPU
		{1C0445EA-941D-4FA3-9702-D5A07BF1C628}.Debug|x86.Build.0 = Debug|Any CPU
		{1C0445EA-941D-4FA3-9702-D5A07BF1C628}.Release|Any CPU.ActiveCfg = Release|Any CPU
		{1C0445EA-941D-4FA3-9702-D5A07BF1C628}.Release|Any CPU.Build.0 = Release|Any CPU
		{1C0445EA-941D-4FA3-9702-D5A07BF1C628}.Release|x64.ActiveCfg = Release|Any CPU
		{1C0445EA-941D-4FA3-9702-D5A07BF1C628}.Release|x64.Build.0 = Release|Any CPU
		{1C0445EA-941D-4FA3-9702-D5A07BF1C628}.Release|x86.ActiveCfg = Release|Any CPU
		{1C0445EA-941D-4FA3-9702-D5A07BF1C628}.Release|x86.Build.0 = Release|Any CPU
		{E80C8758-F767-4709-831F-6A9307C6EEE4}.Debug|Any CPU.ActiveCfg = Debug|Any CPU
		{E80C8758-F767-4709-831F-6A9307C6EEE4}.Debug|Any CPU.Build.0 = Debug|Any CPU
		{E80C8758-F767-4709-831F-6A9307C6EEE4}.Debug|x64.ActiveCfg = Debug|Any CPU
		{E80C8758-F767-4709-831F-6A9307C6EEE4}.Debug|x64.Build.0 = Debug|Any CPU
		{E80C8758-F767-4709-831F-6A9307C6EEE4}.Debug|x86.ActiveCfg = Debug|Any CPU
		{E80C8758-F767-4709-831F-6A9307C6EEE4}.Debug|x86.Build.0 = Debug|Any CPU
		{E80C8758-F767-4709-831F-6A9307C6EEE4}.Release|Any CPU.ActiveCfg = Release|Any CPU
		{E80C8758-F767-4709-831F-6A9307C6EEE4}.Release|Any CPU.Build.0 = Release|Any CPU
		{E80C8758-F767-4709-831F-6A9307C6EEE4}.Release|x64.ActiveCfg = Release|Any CPU
		{E80C8758-F767-4709-831F-6A9307C6EEE4}.Release|x64.Build.0 = Release|Any CPU
		{E80C8758-F767-4709-831F-6A9307C6EEE4}.Release|x86.ActiveCfg = Release|Any CPU
		{E80C8758-F767-4709-831F-6A9307C6EEE4}.Release|x86.Build.0 = Release|Any CPU
		{375B6C24-8FB2-4D67-B08B-B11557526839}.Debug|Any CPU.ActiveCfg = Debug|x64
		{375B6C24-8FB2-4D67-B08B-B11557526839}.Debug|Any CPU.Build.0 = Debug|x64
		{375B6C24-8FB2-4D67-B08B-B11557526839}.Debug|x64.ActiveCfg = Debug|x64
		{375B6C24-8FB2-4D67-B08B-B11557526839}.Debug|x64.Build.0 = Debug|x64
		{375B6C24-8FB2-4D67-B08B-B11557526839}.Debug|x86.ActiveCfg = Debug|Win32
		{375B6C24-8FB2-4D67-B08B-B11557526839}.Debug|x86.Build.0 = Debug|Win32
		{375B6C24-8FB2-4D67-B08B-B11557526839}.Release|Any CPU.ActiveCfg = Release|x64
		{375B6C24-8FB2-4D67-B08B-B11557526839}.Release|Any CPU.Build.0 = Release|x64
		{375B6C24-8FB2-4D67-B08B-B11557526839}.Release|x64.ActiveCfg = Release|x64
		{375B6C24-8FB2-4D67-B08B-B11557526839}.Release|x64.Build.0 = Release|x64
		{375B6C24-8FB2-4D67-B08B-B11557526839}.Release|x86.ActiveCfg = Release|Win32
		{375B6C24-8FB2-4D67-B08B-B11557526839}.Release|x86.Build.0 = Release|Win32
		{BD77A40A-C242-43F3-AFA0-DDA944C8C7C2}.Debug|Any CPU.ActiveCfg = Debug|Any CPU
		{BD77A40A-C242-43F3-AFA0-DDA944C8C7C2}.Debug|Any CPU.Build.0 = Debug|Any CPU
		{BD77A40A-C242-43F3-AFA0-DDA944C8C7C2}.Debug|x64.ActiveCfg = Debug|Any CPU
		{BD77A40A-C242-43F3-AFA0-DDA944C8C7C2}.Debug|x64.Build.0 = Debug|Any CPU
		{BD77A40A-C242-43F3-AFA0-DDA944C8C7C2}.Debug|x86.ActiveCfg = Debug|Any CPU
		{BD77A40A-C242-43F3-AFA0-DDA944C8C7C2}.Debug|x86.Build.0 = Debug|Any CPU
		{BD77A40A-C242-43F3-AFA0-DDA944C8C7C2}.Release|Any CPU.ActiveCfg = Release|Any CPU
		{BD77A40A-C242-43F3-AFA0-DDA944C8C7C2}.Release|Any CPU.Build.0 = Release|Any CPU
		{BD77A40A-C242-43F3-AFA0-DDA944C8C7C2}.Release|x64.ActiveCfg = Release|Any CPU
		{BD77A40A-C242-43F3-AFA0-DDA944C8C7C2}.Release|x64.Build.0 = Release|Any CPU
		{BD77A40A-C242-43F3-AFA0-DDA944C8C7C2}.Release|x86.ActiveCfg = Release|Any CPU
		{BD77A40A-C242-43F3-AFA0-DDA944C8C7C2}.Release|x86.Build.0 = Release|Any CPU
	EndGlobalSection
	GlobalSection(SolutionProperties) = preSolution
		HideSolutionNode = FALSE
	EndGlobalSection
	GlobalSection(ExtensibilityGlobals) = postSolution
		SolutionGuid = {1D626377-4DFE-4A63-B56C-585E33D37EEA}
	EndGlobalSection
EndGlobal
