
Microsoft Visual Studio Solution File, Format Version 12.00
# Visual Studio Version 17
VisualStudioVersion = 17.10.35027.167
MinimumVisualStudioVersion = 10.0.40219.1
Project("{FAE04EC0-301F-11D3-BF4B-00C04F79EFBC}") = "BookManager", "BookManager\BookManager.csproj", "{F416EB9A-D139-42C7-903E-9B1E7323FAF6}"
EndProject
Global
	GlobalSection(SolutionConfigurationPlatforms) = preSolution
		Debug|Any CPU = Debug|Any CPU
		Release|Any CPU = Release|Any CPU
	EndGlobalSection
	GlobalSection(ProjectConfigurationPlatforms) = postSolution
		{F416EB9A-D139-42C7-903E-9B1E7323FAF6}.Debug|Any CPU.ActiveCfg = Debug|Any CPU
		{F416EB9A-D139-42C7-903E-9B1E7323FAF6}.Debug|Any CPU.Build.0 = Debug|Any CPU
		{F416EB9A-D139-42C7-903E-9B1E7323FAF6}.Release|Any CPU.ActiveCfg = Release|Any CPU
		{F416EB9A-D139-42C7-903E-9B1E7323FAF6}.Release|Any CPU.Build.0 = Release|Any CPU
	EndGlobalSection
	GlobalSection(SolutionProperties) = preSolution
		HideSolutionNode = FALSE
	EndGlobalSection
	GlobalSection(ExtensibilityGlobals) = postSolution
		SolutionGuid = {2CB1807C-843D-4731-84F6-21534495313C}
	EndGlobalSection
EndGlobal
