
Microsoft Visual Studio Solution File, Format Version 12.00
# Visual Studio Version 17
VisualStudioVersion = 17.10.35027.167
MinimumVisualStudioVersion = 10.0.40219.1
Project("{FAE04EC0-301F-11D3-BF4B-00C04F79EFBC}") = "HelloCSharp010", "HelloCSharp010\HelloCSharp010.csproj", "{FA140B32-0007-4E5D-99EF-343D861521E8}"
EndProject
Project("{FAE04EC0-301F-11D3-BF4B-00C04F79EFBC}") = "HelloCSharp010_01", "HelloCSharp010_01\HelloCSharp010_01.csproj", "{64449B9E-F874-46A5-AC3D-9FE58A2BCCDF}"
EndProject
Project("{FAE04EC0-301F-11D3-BF4B-00C04F79EFBC}") = "HelloCSharp010_02", "HelloCSharp010_02\HelloCSharp010_02.csproj", "{8D114773-14B2-4E5E-9DE6-D05EDABAD23F}"
EndProject
Global
	GlobalSection(SolutionConfigurationPlatforms) = preSolution
		Debug|Any CPU = Debug|Any CPU
		Release|Any CPU = Release|Any CPU
	EndGlobalSection
	GlobalSection(ProjectConfigurationPlatforms) = postSolution
		{FA140B32-0007-4E5D-99EF-343D861521E8}.Debug|Any CPU.ActiveCfg = Debug|Any CPU
		{FA140B32-0007-4E5D-99EF-343D861521E8}.Debug|Any CPU.Build.0 = Debug|Any CPU
		{FA140B32-0007-4E5D-99EF-343D861521E8}.Release|Any CPU.ActiveCfg = Release|Any CPU
		{FA140B32-0007-4E5D-99EF-343D861521E8}.Release|Any CPU.Build.0 = Release|Any CPU
		{64449B9E-F874-46A5-AC3D-9FE58A2BCCDF}.Debug|Any CPU.ActiveCfg = Debug|Any CPU
		{64449B9E-F874-46A5-AC3D-9FE58A2BCCDF}.Debug|Any CPU.Build.0 = Debug|Any CPU
		{64449B9E-F874-46A5-AC3D-9FE58A2BCCDF}.Release|Any CPU.ActiveCfg = Release|Any CPU
		{64449B9E-F874-46A5-AC3D-9FE58A2BCCDF}.Release|Any CPU.Build.0 = Release|Any CPU
		{8D114773-14B2-4E5E-9DE6-D05EDABAD23F}.Debug|Any CPU.ActiveCfg = Debug|Any CPU
		{8D114773-14B2-4E5E-9DE6-D05EDABAD23F}.Debug|Any CPU.Build.0 = Debug|Any CPU
		{8D114773-14B2-4E5E-9DE6-D05EDABAD23F}.Release|Any CPU.ActiveCfg = Release|Any CPU
		{8D114773-14B2-4E5E-9DE6-D05EDABAD23F}.Release|Any CPU.Build.0 = Release|Any CPU
	EndGlobalSection
	GlobalSection(SolutionProperties) = preSolution
		HideSolutionNode = FALSE
	EndGlobalSection
	GlobalSection(ExtensibilityGlobals) = postSolution
		SolutionGuid = {74CE400B-90F1-4504-A3BA-D7145CA079A8}
	EndGlobalSection
EndGlobal
