
Microsoft Visual Studio Solution File, Format Version 12.00
# Visual Studio Version 17
VisualStudioVersion = 17.9.34723.18
MinimumVisualStudioVersion = 10.0.40219.1
Project("{FAE04EC0-301F-11D3-BF4B-00C04F79EFBC}") = "0730_01", "0730\0730_01.csproj", "{B77F6AD0-8B9A-4F29-A3C3-B45169464DAF}"
EndProject
Project("{FAE04EC0-301F-11D3-BF4B-00C04F79EFBC}") = "0730_02", "0730_02\0730_02.csproj", "{ED882224-8774-4BD3-BC5B-B91E9CD6D6C5}"
EndProject
Project("{FAE04EC0-301F-11D3-BF4B-00C04F79EFBC}") = "0730_03", "0730_03\0730_03.csproj", "{EDD4CDF4-48B2-460F-9E20-1B318FD0BA7C}"
EndProject
Global
	GlobalSection(SolutionConfigurationPlatforms) = preSolution
		Debug|Any CPU = Debug|Any CPU
		Release|Any CPU = Release|Any CPU
	EndGlobalSection
	GlobalSection(ProjectConfigurationPlatforms) = postSolution
		{B77F6AD0-8B9A-4F29-A3C3-B45169464DAF}.Debug|Any CPU.ActiveCfg = Debug|Any CPU
		{B77F6AD0-8B9A-4F29-A3C3-B45169464DAF}.Debug|Any CPU.Build.0 = Debug|Any CPU
		{B77F6AD0-8B9A-4F29-A3C3-B45169464DAF}.Release|Any CPU.ActiveCfg = Release|Any CPU
		{B77F6AD0-8B9A-4F29-A3C3-B45169464DAF}.Release|Any CPU.Build.0 = Release|Any CPU
		{ED882224-8774-4BD3-BC5B-B91E9CD6D6C5}.Debug|Any CPU.ActiveCfg = Debug|Any CPU
		{ED882224-8774-4BD3-BC5B-B91E9CD6D6C5}.Debug|Any CPU.Build.0 = Debug|Any CPU
		{ED882224-8774-4BD3-BC5B-B91E9CD6D6C5}.Release|Any CPU.ActiveCfg = Release|Any CPU
		{ED882224-8774-4BD3-BC5B-B91E9CD6D6C5}.Release|Any CPU.Build.0 = Release|Any CPU
		{EDD4CDF4-48B2-460F-9E20-1B318FD0BA7C}.Debug|Any CPU.ActiveCfg = Debug|Any CPU
		{EDD4CDF4-48B2-460F-9E20-1B318FD0BA7C}.Debug|Any CPU.Build.0 = Debug|Any CPU
		{EDD4CDF4-48B2-460F-9E20-1B318FD0BA7C}.Release|Any CPU.ActiveCfg = Release|Any CPU
		{EDD4CDF4-48B2-460F-9E20-1B318FD0BA7C}.Release|Any CPU.Build.0 = Release|Any CPU
	EndGlobalSection
	GlobalSection(SolutionProperties) = preSolution
		HideSolutionNode = FALSE
	EndGlobalSection
	GlobalSection(ExtensibilityGlobals) = postSolution
		SolutionGuid = {D744D081-DDDF-40C7-9FFA-0FB99507F3E7}
	EndGlobalSection
EndGlobal
