
Microsoft Visual Studio Solution File, Format Version 12.00
# Visual Studio Version 17
VisualStudioVersion = 17.9.34723.18
MinimumVisualStudioVersion = 10.0.40219.1
Project("{FAE04EC0-301F-11D3-BF4B-00C04F79EFBC}") = "0718_01", "0718_01\0718_01.csproj", "{A648B1E1-3F39-440A-B3F5-8DD0470F2F87}"
EndProject
Project("{FAE04EC0-301F-11D3-BF4B-00C04F79EFBC}") = "0718_02", "0718_02\0718_02.csproj", "{E7A3B5F4-44EA-4DF2-AC70-A1A216060E30}"
EndProject
Project("{FAE04EC0-301F-11D3-BF4B-00C04F79EFBC}") = "0718_03", "0718_03\0718_03.csproj", "{E318099D-4D82-42EB-B545-1358A6D322D9}"
EndProject
Global
	GlobalSection(SolutionConfigurationPlatforms) = preSolution
		Debug|Any CPU = Debug|Any CPU
		Release|Any CPU = Release|Any CPU
	EndGlobalSection
	GlobalSection(ProjectConfigurationPlatforms) = postSolution
		{A648B1E1-3F39-440A-B3F5-8DD0470F2F87}.Debug|Any CPU.ActiveCfg = Debug|Any CPU
		{A648B1E1-3F39-440A-B3F5-8DD0470F2F87}.Debug|Any CPU.Build.0 = Debug|Any CPU
		{A648B1E1-3F39-440A-B3F5-8DD0470F2F87}.Release|Any CPU.ActiveCfg = Release|Any CPU
		{A648B1E1-3F39-440A-B3F5-8DD0470F2F87}.Release|Any CPU.Build.0 = Release|Any CPU
		{E7A3B5F4-44EA-4DF2-AC70-A1A216060E30}.Debug|Any CPU.ActiveCfg = Debug|Any CPU
		{E7A3B5F4-44EA-4DF2-AC70-A1A216060E30}.Debug|Any CPU.Build.0 = Debug|Any CPU
		{E7A3B5F4-44EA-4DF2-AC70-A1A216060E30}.Release|Any CPU.ActiveCfg = Release|Any CPU
		{E7A3B5F4-44EA-4DF2-AC70-A1A216060E30}.Release|Any CPU.Build.0 = Release|Any CPU
		{E318099D-4D82-42EB-B545-1358A6D322D9}.Debug|Any CPU.ActiveCfg = Debug|Any CPU
		{E318099D-4D82-42EB-B545-1358A6D322D9}.Debug|Any CPU.Build.0 = Debug|Any CPU
		{E318099D-4D82-42EB-B545-1358A6D322D9}.Release|Any CPU.ActiveCfg = Release|Any CPU
		{E318099D-4D82-42EB-B545-1358A6D322D9}.Release|Any CPU.Build.0 = Release|Any CPU
	EndGlobalSection
	GlobalSection(SolutionProperties) = preSolution
		HideSolutionNode = FALSE
	EndGlobalSection
	GlobalSection(ExtensibilityGlobals) = postSolution
		SolutionGuid = {711193E4-AE92-4E46-AA9C-CEC9AC8BBB63}
	EndGlobalSection
EndGlobal
