
Microsoft Visual Studio Solution File, Format Version 12.00
# Visual Studio Version 17
VisualStudioVersion = 17.10.35027.167
MinimumVisualStudioVersion = 10.0.40219.1
Project("{FAE04EC0-301F-11D3-BF4B-00C04F79EFBC}") = "HelloCSharp005", "HelloCSharp005\HelloCSharp005.csproj", "{65DA5528-76CA-4D3C-BD31-7C72C8627C07}"
EndProject
Project("{FAE04EC0-301F-11D3-BF4B-00C04F79EFBC}") = "HelloCSharp005_01", "HelloCSharp005_01\HelloCSharp005_01.csproj", "{4464639F-B8B8-4180-94A7-D4B1CA041F33}"
EndProject
Project("{FAE04EC0-301F-11D3-BF4B-00C04F79EFBC}") = "HelloCSharp005_02", "HelloCSharp005_02\HelloCSharp005_02.csproj", "{8DBD682B-5203-42DE-B720-255293FE7706}"
EndProject
Global
	GlobalSection(SolutionConfigurationPlatforms) = preSolution
		Debug|Any CPU = Debug|Any CPU
		Release|Any CPU = Release|Any CPU
	EndGlobalSection
	GlobalSection(ProjectConfigurationPlatforms) = postSolution
		{65DA5528-76CA-4D3C-BD31-7C72C8627C07}.Debug|Any CPU.ActiveCfg = Debug|Any CPU
		{65DA5528-76CA-4D3C-BD31-7C72C8627C07}.Debug|Any CPU.Build.0 = Debug|Any CPU
		{65DA5528-76CA-4D3C-BD31-7C72C8627C07}.Release|Any CPU.ActiveCfg = Release|Any CPU
		{65DA5528-76CA-4D3C-BD31-7C72C8627C07}.Release|Any CPU.Build.0 = Release|Any CPU
		{4464639F-B8B8-4180-94A7-D4B1CA041F33}.Debug|Any CPU.ActiveCfg = Debug|Any CPU
		{4464639F-B8B8-4180-94A7-D4B1CA041F33}.Debug|Any CPU.Build.0 = Debug|Any CPU
		{4464639F-B8B8-4180-94A7-D4B1CA041F33}.Release|Any CPU.ActiveCfg = Release|Any CPU
		{4464639F-B8B8-4180-94A7-D4B1CA041F33}.Release|Any CPU.Build.0 = Release|Any CPU
		{8DBD682B-5203-42DE-B720-255293FE7706}.Debug|Any CPU.ActiveCfg = Debug|Any CPU
		{8DBD682B-5203-42DE-B720-255293FE7706}.Debug|Any CPU.Build.0 = Debug|Any CPU
		{8DBD682B-5203-42DE-B720-255293FE7706}.Release|Any CPU.ActiveCfg = Release|Any CPU
		{8DBD682B-5203-42DE-B720-255293FE7706}.Release|Any CPU.Build.0 = Release|Any CPU
	EndGlobalSection
	GlobalSection(SolutionProperties) = preSolution
		HideSolutionNode = FALSE
	EndGlobalSection
	GlobalSection(ExtensibilityGlobals) = postSolution
		SolutionGuid = {B1537E9E-7929-4D49-AF9B-21105BBF7F38}
	EndGlobalSection
EndGlobal
