
Microsoft Visual Studio Solution File, Format Version 12.00
# Visual Studio Version 17
VisualStudioVersion = 17.10.35027.167
MinimumVisualStudioVersion = 10.0.40219.1
Project("{FAE04EC0-301F-11D3-BF4B-00C04F79EFBC}") = "CarParkingManager", "CarParkingManager\CarParkingManager.csproj", "{A6640B23-0332-4E18-9319-016A98D79832}"
EndProject
Global
	GlobalSection(SolutionConfigurationPlatforms) = preSolution
		Debug|Any CPU = Debug|Any CPU
		Release|Any CPU = Release|Any CPU
	EndGlobalSection
	GlobalSection(ProjectConfigurationPlatforms) = postSolution
		{A6640B23-0332-4E18-9319-016A98D79832}.Debug|Any CPU.ActiveCfg = Debug|Any CPU
		{A6640B23-0332-4E18-9319-016A98D79832}.Debug|Any CPU.Build.0 = Debug|Any CPU
		{A6640B23-0332-4E18-9319-016A98D79832}.Release|Any CPU.ActiveCfg = Release|Any CPU
		{A6640B23-0332-4E18-9319-016A98D79832}.Release|Any CPU.Build.0 = Release|Any CPU
	EndGlobalSection
	GlobalSection(SolutionProperties) = preSolution
		HideSolutionNode = FALSE
	EndGlobalSection
	GlobalSection(ExtensibilityGlobals) = postSolution
		SolutionGuid = {164F72ED-0AC7-43D1-937A-B1422F3816BC}
	EndGlobalSection
EndGlobal
